
Microsoft Visual Studio Solution File, Format Version 12.00
# Visual Studio 15
VisualStudioVersion = 15.0.28010.2016
MinimumVisualStudioVersion = 10.0.40219.1
Project("{FAE04EC0-301F-11D3-BF4B-00C04F79EFBC}") = "GenericExercise", "GenericExercise\GenericExercise.csproj", "{0C4568F4-4EB0-4CB0-AAFE-823301D1DFC2}"
EndProject
Global
	GlobalSection(SolutionConfigurationPlatforms) = preSolution
		Debug|Any CPU = Debug|Any CPU
		Release|Any CPU = Release|Any CPU
	EndGlobalSection
	GlobalSection(ProjectConfigurationPlatforms) = postSolution
		{0C4568F4-4EB0-4CB0-AAFE-823301D1DFC2}.Debug|Any CPU.ActiveCfg = Debug|Any CPU
		{0C4568F4-4EB0-4CB0-AAFE-823301D1DFC2}.Debug|Any CPU.Build.0 = Debug|Any CPU
		{0C4568F4-4EB0-4CB0-AAFE-823301D1DFC2}.Release|Any CPU.ActiveCfg = Release|Any CPU
		{0C4568F4-4EB0-4CB0-AAFE-823301D1DFC2}.Release|Any CPU.Build.0 = Release|Any CPU
	EndGlobalSection
	GlobalSection(SolutionProperties) = preSolution
		HideSolutionNode = FALSE
	EndGlobalSection
	GlobalSection(ExtensibilityGlobals) = postSolution
		SolutionGuid = {88F1F165-C59F-458C-9496-A04592A27FD3}
	EndGlobalSection
EndGlobal
